{
  "name": "xlaton",
  "version": "0.0.1",
  "lockfileVersion": 3,
  "requires": true,
  "packages": {
    "": {
      "name": "xlaton",
      "version": "0.0.1",
      "dependencies": {
        "scittle": "^0.7.28"
      }
    },
    "node_modules/scittle": {
      "version": "0.7.28",
      "resolved": "https://registry.npmjs.org/scittle/-/scittle-0.7.28.tgz",
      "integrity": "sha512-mH9w2daT1N8uFNv4k67aN2I9LU95fnuiuPvfaHLLYX0Nm5lPG7lIVu4PQCzFGbEQTfcSnpPbaHIFMk2+vJgvIg=="
    }
  }
}
